
Microsoft Visual Studio Solution File, Format Version 12.00
# Visual Studio 14
VisualStudioVersion = 14.0.23107.0
MinimumVisualStudioVersion = 10.0.40219.1
Project("{FAE04EC0-301F-11D3-BF4B-00C04F79EFBC}") = "MazeTests", "MazeTests\MazeTests.csproj", "{DACE60DD-A279-4452-98B7-BA55C146574C}"
EndProject
Project("{FAE04EC0-301F-11D3-BF4B-00C04F79EFBC}") = "MazeGeneration", "MazeGeneration\MazeGeneration.csproj", "{88ABFA07-D560-49D6-9A2A-D2F0C4236E4F}"
EndProject
Project("{FAE04EC0-301F-11D3-BF4B-00C04F79EFBC}") = "ConsoleDemo", "ConsoleDemo\ConsoleDemo.csproj", "{1517CAD6-3224-4C57-B551-AF7CF910EDDB}"
EndProject
Project("{FAE04EC0-301F-11D3-BF4B-00C04F79EFBC}") = "PathFinding", "PathFinding\PathFinding.csproj", "{7EBF63E6-1DE9-4C03-A13E-6B1A4EDA024D}"
EndProject
Global
	GlobalSection(SolutionConfigurationPlatforms) = preSolution
		Debug|Any CPU = Debug|Any CPU
		Release|Any CPU = Release|Any CPU
	EndGlobalSection
	GlobalSection(ProjectConfigurationPlatforms) = postSolution
		{DACE60DD-A279-4452-98B7-BA55C146574C}.Debug|Any CPU.ActiveCfg = Debug|Any CPU
		{DACE60DD-A279-4452-98B7-BA55C146574C}.Debug|Any CPU.Build.0 = Debug|Any CPU
		{DACE60DD-A279-4452-98B7-BA55C146574C}.Release|Any CPU.ActiveCfg = Release|Any CPU
		{DACE60DD-A279-4452-98B7-BA55C146574C}.Release|Any CPU.Build.0 = Release|Any CPU
		{88ABFA07-D560-49D6-9A2A-D2F0C4236E4F}.Debug|Any CPU.ActiveCfg = Debug|Any CPU
		{88ABFA07-D560-49D6-9A2A-D2F0C4236E4F}.Debug|Any CPU.Build.0 = Debug|Any CPU
		{88ABFA07-D560-49D6-9A2A-D2F0C4236E4F}.Release|Any CPU.ActiveCfg = Release|Any CPU
		{88ABFA07-D560-49D6-9A2A-D2F0C4236E4F}.Release|Any CPU.Build.0 = Release|Any CPU
		{1517CAD6-3224-4C57-B551-AF7CF910EDDB}.Debug|Any CPU.ActiveCfg = Debug|Any CPU
		{1517CAD6-3224-4C57-B551-AF7CF910EDDB}.Debug|Any CPU.Build.0 = Debug|Any CPU
		{1517CAD6-3224-4C57-B551-AF7CF910EDDB}.Release|Any CPU.ActiveCfg = Release|Any CPU
		{1517CAD6-3224-4C57-B551-AF7CF910EDDB}.Release|Any CPU.Build.0 = Release|Any CPU
		{7EBF63E6-1DE9-4C03-A13E-6B1A4EDA024D}.Debug|Any CPU.ActiveCfg = Debug|Any CPU
		{7EBF63E6-1DE9-4C03-A13E-6B1A4EDA024D}.Debug|Any CPU.Build.0 = Debug|Any CPU
		{7EBF63E6-1DE9-4C03-A13E-6B1A4EDA024D}.Release|Any CPU.ActiveCfg = Release|Any CPU
		{7EBF63E6-1DE9-4C03-A13E-6B1A4EDA024D}.Release|Any CPU.Build.0 = Release|Any CPU
	EndGlobalSection
	GlobalSection(SolutionProperties) = preSolution
		HideSolutionNode = FALSE
	EndGlobalSection
EndGlobal
